
Microsoft Visual Studio Solution File, Format Version 12.00
# Visual Studio Version 16
VisualStudioVersion = 16.0.30413.136
MinimumVisualStudioVersion = 10.0.40219.1
Project("{9A19103F-16F7-4668-BE54-9A1E7A4F7556}") = "FaceDetectionApp", "FaceDetectionApp\FaceDetectionApp.csproj", "{DE55819D-908E-4253-8638-216516F528BD}"
EndProject
Project("{9A19103F-16F7-4668-BE54-9A1E7A4F7556}") = "FaceDetectionLibrary", "FaceDetectionLibrary\FaceDetectionLibrary.csproj", "{360E269E-5398-435E-987D-F07190AF6A95}"
EndProject
Global
	GlobalSection(SolutionConfigurationPlatforms) = preSolution
		Debug|Any CPU = Debug|Any CPU
		Release|Any CPU = Release|Any CPU
	EndGlobalSection
	GlobalSection(ProjectConfigurationPlatforms) = postSolution
		{DE55819D-908E-4253-8638-216516F528BD}.Debug|Any CPU.ActiveCfg = Debug|Any CPU
		{DE55819D-908E-4253-8638-216516F528BD}.Debug|Any CPU.Build.0 = Debug|Any CPU
		{DE55819D-908E-4253-8638-216516F528BD}.Release|Any CPU.ActiveCfg = Release|Any CPU
		{DE55819D-908E-4253-8638-216516F528BD}.Release|Any CPU.Build.0 = Release|Any CPU
		{360E269E-5398-435E-987D-F07190AF6A95}.Debug|Any CPU.ActiveCfg = Debug|Any CPU
		{360E269E-5398-435E-987D-F07190AF6A95}.Debug|Any CPU.Build.0 = Debug|Any CPU
		{360E269E-5398-435E-987D-F07190AF6A95}.Release|Any CPU.ActiveCfg = Release|Any CPU
		{360E269E-5398-435E-987D-F07190AF6A95}.Release|Any CPU.Build.0 = Release|Any CPU
	EndGlobalSection
	GlobalSection(SolutionProperties) = preSolution
		HideSolutionNode = FALSE
	EndGlobalSection
	GlobalSection(ExtensibilityGlobals) = postSolution
		SolutionGuid = {D3E14DD5-EDAB-42A6-9F8B-01FE1D904B7A}
	EndGlobalSection
EndGlobal
